
Microsoft Visual Studio Solution File, Format Version 12.00
# Visual Studio Version 16
VisualStudioVersion = 16.0.31729.503
MinimumVisualStudioVersion = 10.0.40219.1
Project("{FAE04EC0-301F-11D3-BF4B-00C04F79EFBC}") = "myCalculator", "myCalculator.csproj", "{2F3B78FD-3E6F-4720-A81D-635D17FB8ECF}"
EndProject
Global
	GlobalSection(SolutionConfigurationPlatforms) = preSolution
		Debug|Any CPU = Debug|Any CPU
		Release|Any CPU = Release|Any CPU
	EndGlobalSection
	GlobalSection(ProjectConfigurationPlatforms) = postSolution
		{2F3B78FD-3E6F-4720-A81D-635D17FB8ECF}.Debug|Any CPU.ActiveCfg = Debug|Any CPU
		{2F3B78FD-3E6F-4720-A81D-635D17FB8ECF}.Debug|Any CPU.Build.0 = Debug|Any CPU
		{2F3B78FD-3E6F-4720-A81D-635D17FB8ECF}.Release|Any CPU.ActiveCfg = Release|Any CPU
		{2F3B78FD-3E6F-4720-A81D-635D17FB8ECF}.Release|Any CPU.Build.0 = Release|Any CPU
	EndGlobalSection
	GlobalSection(SolutionProperties) = preSolution
		HideSolutionNode = FALSE
	EndGlobalSection
	GlobalSection(ExtensibilityGlobals) = postSolution
		SolutionGuid = {671AC61E-7C0E-443C-8B82-30C9D381B334}
	EndGlobalSection
EndGlobal
